// !$*UTF8*$!
{
	archiveVersion = 1;
	classes = {
	};
	objectVersion = 56;
	objects = {

/* Begin PBXBuildFile section */
		1633EF072AD7E1B1003F489B /* PopUpProfile.swift in Sources */ = {isa = PBXBuildFile; fileRef = 1633EF062AD7E1B1003F489B /* PopUpProfile.swift */; };
		1648F18A2AD6921F00962C69 /* saduAnimetionApp.swift in Sources */ = {isa = PBXBuildFile; fileRef = 1648F1892AD6921F00962C69 /* saduAnimetionApp.swift */; };
		1648F18C2AD6921F00962C69 /* ContentView.swift in Sources */ = {isa = PBXBuildFile; fileRef = 1648F18B2AD6921F00962C69 /* ContentView.swift */; };
		1648F18E2AD6922000962C69 /* Assets.xcassets in Resources */ = {isa = PBXBuildFile; fileRef = 1648F18D2AD6922000962C69 /* Assets.xcassets */; };
		1648F1912AD6922000962C69 /* Preview Assets.xcassets in Resources */ = {isa = PBXBuildFile; fileRef = 1648F1902AD6922000962C69 /* Preview Assets.xcassets */; };
		8A6176592AD7ECC600709675 /* PopUpInvite.swift in Sources */ = {isa = PBXBuildFile; fileRef = 8A6176582AD7ECC600709675 /* PopUpInvite.swift */; };
		8A61765B2AD7F2EE00709675 /* PopUpProfile2.swift in Sources */ = {isa = PBXBuildFile; fileRef = 8A61765A2AD7F2EE00709675 /* PopUpProfile2.swift */; };
		8A61765D2AD7F36100709675 /* PopUpJoin.swift in Sources */ = {isa = PBXBuildFile; fileRef = 8A61765C2AD7F36100709675 /* PopUpJoin.swift */; };
		8A61765F2AD7F38500709675 /* rotate2D.swift in Sources */ = {isa = PBXBuildFile; fileRef = 8A61765E2AD7F38500709675 /* rotate2D.swift */; };
		8AAB8BFE2ADBC4E0000D5EF0 /* SplashScreen.swift in Sources */ = {isa = PBXBuildFile; fileRef = 8AAB8BFD2ADBC4E0000D5EF0 /* SplashScreen.swift */; };
		8AAB8C002ADBC557000D5EF0 /* IntroView.swift in Sources */ = {isa = PBXBuildFile; fileRef = 8AAB8BFF2ADBC557000D5EF0 /* IntroView.swift */; };
		8AAB8C062ADBDE86000D5EF0 /* Answer.swift in Sources */ = {isa = PBXBuildFile; fileRef = 8AAB8C052ADBDE86000D5EF0 /* Answer.swift */; };
		8AAB8C082ADBDEB4000D5EF0 /* AnswerRow.swift in Sources */ = {isa = PBXBuildFile; fileRef = 8AAB8C072ADBDEB4000D5EF0 /* AnswerRow.swift */; };
		8AAB8C0A2ADBDED1000D5EF0 /* AnswerRow2.swift in Sources */ = {isa = PBXBuildFile; fileRef = 8AAB8C092ADBDED1000D5EF0 /* AnswerRow2.swift */; };
		8AAB8C0C2ADBDEF3000D5EF0 /* AnswerRow3.swift in Sources */ = {isa = PBXBuildFile; fileRef = 8AAB8C0B2ADBDEF3000D5EF0 /* AnswerRow3.swift */; };
		8AAB8C0E2ADBDF13000D5EF0 /* AnswerRow4.swift in Sources */ = {isa = PBXBuildFile; fileRef = 8AAB8C0D2ADBDF13000D5EF0 /* AnswerRow4.swift */; };
		8AAB8C102ADBDF4F000D5EF0 /* ProgressBar.swift in Sources */ = {isa = PBXBuildFile; fileRef = 8AAB8C0F2ADBDF4F000D5EF0 /* ProgressBar.swift */; };
		8AAB8C122ADBDF7D000D5EF0 /* QuestionView.swift in Sources */ = {isa = PBXBuildFile; fileRef = 8AAB8C112ADBDF7D000D5EF0 /* QuestionView.swift */; };
		8AAB8C142ADBDF87000D5EF0 /* QuestionView2.swift in Sources */ = {isa = PBXBuildFile; fileRef = 8AAB8C132ADBDF87000D5EF0 /* QuestionView2.swift */; };
		8AAB8C162ADBDF91000D5EF0 /* QuestionView3.swift in Sources */ = {isa = PBXBuildFile; fileRef = 8AAB8C152ADBDF91000D5EF0 /* QuestionView3.swift */; };
		8AAB8C182ADBDF9D000D5EF0 /* QuestionView4.swift in Sources */ = {isa = PBXBuildFile; fileRef = 8AAB8C172ADBDF9D000D5EF0 /* QuestionView4.swift */; };
		8AAB8C1A2ADBDFA7000D5EF0 /* QuestionView5.swift in Sources */ = {isa = PBXBuildFile; fileRef = 8AAB8C192ADBDFA7000D5EF0 /* QuestionView5.swift */; };
		8AAB8C1C2ADBDFB4000D5EF0 /* QuestionView6.swift in Sources */ = {isa = PBXBuildFile; fileRef = 8AAB8C1B2ADBDFB4000D5EF0 /* QuestionView6.swift */; };
		8AAB8C1E2ADBDFC3000D5EF0 /* QuestionView7.swift in Sources */ = {isa = PBXBuildFile; fileRef = 8AAB8C1D2ADBDFC3000D5EF0 /* QuestionView7.swift */; };
		8AAB8C202ADBDFCB000D5EF0 /* QuestionView8.swift in Sources */ = {isa = PBXBuildFile; fileRef = 8AAB8C1F2ADBDFCB000D5EF0 /* QuestionView8.swift */; };
		8AAB8C242ADBE0E3000D5EF0 /* QuestionView10.swift in Sources */ = {isa = PBXBuildFile; fileRef = 8AAB8C232ADBE0E3000D5EF0 /* QuestionView10.swift */; };
		8AAB8C262ADBE734000D5EF0 /* MianPage.swift in Sources */ = {isa = PBXBuildFile; fileRef = 8AAB8C252ADBE734000D5EF0 /* MianPage.swift */; };
		8AAB8C282ADBEB5A000D5EF0 /* RankPage.swift in Sources */ = {isa = PBXBuildFile; fileRef = 8AAB8C272ADBEB5A000D5EF0 /* RankPage.swift */; };
		8AAB8C2C2ADBF4A6000D5EF0 /* QuestionView9.swift in Sources */ = {isa = PBXBuildFile; fileRef = 8AAB8C2B2ADBF4A6000D5EF0 /* QuestionView9.swift */; };
		8AAB8C4B2ADBF6F2000D5EF0 /* Test.swift in Sources */ = {isa = PBXBuildFile; fileRef = 8AAB8C4A2ADBF6F2000D5EF0 /* Test.swift */; };
/* End PBXBuildFile section */

/* Begin PBXFileReference section */
		1633EF062AD7E1B1003F489B /* PopUpProfile.swift */ = {isa = PBXFileReference; lastKnownFileType = sourcecode.swift; path = PopUpProfile.swift; sourceTree = "<group>"; };
		1648F1862AD6921F00962C69 /* saduAnimetion.app */ = {isa = PBXFileReference; explicitFileType = wrapper.application; includeInIndex = 0; path = saduAnimetion.app; sourceTree = BUILT_PRODUCTS_DIR; };
		1648F1892AD6921F00962C69 /* saduAnimetionApp.swift */ = {isa = PBXFileReference; lastKnownFileType = sourcecode.swift; path = saduAnimetionApp.swift; sourceTree = "<group>"; };
		1648F18B2AD6921F00962C69 /* ContentView.swift */ = {isa = PBXFileReference; lastKnownFileType = sourcecode.swift; path = ContentView.swift; sourceTree = "<group>"; };
		1648F18D2AD6922000962C69 /* Assets.xcassets */ = {isa = PBXFileReference; lastKnownFileType = folder.assetcatalog; path = Assets.xcassets; sourceTree = "<group>"; };
		1648F1902AD6922000962C69 /* Preview Assets.xcassets */ = {isa = PBXFileReference; lastKnownFileType = folder.assetcatalog; path = "Preview Assets.xcassets"; sourceTree = "<group>"; };
		8A6176582AD7ECC600709675 /* PopUpInvite.swift */ = {isa = PBXFileReference; lastKnownFileType = sourcecode.swift; path = PopUpInvite.swift; sourceTree = "<group>"; };
		8A61765A2AD7F2EE00709675 /* PopUpProfile2.swift */ = {isa = PBXFileReference; lastKnownFileType = sourcecode.swift; path = PopUpProfile2.swift; sourceTree = "<group>"; };
		8A61765C2AD7F36100709675 /* PopUpJoin.swift */ = {isa = PBXFileReference; lastKnownFileType = sourcecode.swift; path = PopUpJoin.swift; sourceTree = "<group>"; };
		8A61765E2AD7F38500709675 /* rotate2D.swift */ = {isa = PBXFileReference; lastKnownFileType = sourcecode.swift; path = rotate2D.swift; sourceTree = "<group>"; };
		8AAB8BFD2ADBC4E0000D5EF0 /* SplashScreen.swift */ = {isa = PBXFileReference; lastKnownFileType = sourcecode.swift; path = SplashScreen.swift; sourceTree = "<group>"; };
		8AAB8BFF2ADBC557000D5EF0 /* IntroView.swift */ = {isa = PBXFileReference; lastKnownFileType = sourcecode.swift; path = IntroView.swift; sourceTree = "<group>"; };
		8AAB8C052ADBDE86000D5EF0 /* Answer.swift */ = {isa = PBXFileReference; lastKnownFileType = sourcecode.swift; path = Answer.swift; sourceTree = "<group>"; };
		8AAB8C072ADBDEB4000D5EF0 /* AnswerRow.swift */ = {isa = PBXFileReference; lastKnownFileType = sourcecode.swift; path = AnswerRow.swift; sourceTree = "<group>"; };
		8AAB8C092ADBDED1000D5EF0 /* AnswerRow2.swift */ = {isa = PBXFileReference; lastKnownFileType = sourcecode.swift; path = AnswerRow2.swift; sourceTree = "<group>"; };
		8AAB8C0B2ADBDEF3000D5EF0 /* AnswerRow3.swift */ = {isa = PBXFileReference; lastKnownFileType = sourcecode.swift; path = AnswerRow3.swift; sourceTree = "<group>"; };
		8AAB8C0D2ADBDF13000D5EF0 /* AnswerRow4.swift */ = {isa = PBXFileReference; lastKnownFileType = sourcecode.swift; path = AnswerRow4.swift; sourceTree = "<group>"; };
		8AAB8C0F2ADBDF4F000D5EF0 /* ProgressBar.swift */ = {isa = PBXFileReference; lastKnownFileType = sourcecode.swift; path = ProgressBar.swift; sourceTree = "<group>"; };
		8AAB8C112ADBDF7D000D5EF0 /* QuestionView.swift */ = {isa = PBXFileReference; lastKnownFileType = sourcecode.swift; path = QuestionView.swift; sourceTree = "<group>"; };
		8AAB8C132ADBDF87000D5EF0 /* QuestionView2.swift */ = {isa = PBXFileReference; lastKnownFileType = sourcecode.swift; path = QuestionView2.swift; sourceTree = "<group>"; };
		8AAB8C152ADBDF91000D5EF0 /* QuestionView3.swift */ = {isa = PBXFileReference; lastKnownFileType = sourcecode.swift; path = QuestionView3.swift; sourceTree = "<group>"; };
		8AAB8C172ADBDF9D000D5EF0 /* QuestionView4.swift */ = {isa = PBXFileReference; lastKnownFileType = sourcecode.swift; path = QuestionView4.swift; sourceTree = "<group>"; };
		8AAB8C192ADBDFA7000D5EF0 /* QuestionView5.swift */ = {isa = PBXFileReference; lastKnownFileType = sourcecode.swift; path = QuestionView5.swift; sourceTree = "<group>"; };
		8AAB8C1B2ADBDFB4000D5EF0 /* QuestionView6.swift */ = {isa = PBXFileReference; lastKnownFileType = sourcecode.swift; path = QuestionView6.swift; sourceTree = "<group>"; };
		8AAB8C1D2ADBDFC3000D5EF0 /* QuestionView7.swift */ = {isa = PBXFileReference; lastKnownFileType = sourcecode.swift; path = QuestionView7.swift; sourceTree = "<group>"; };
		8AAB8C1F2ADBDFCB000D5EF0 /* QuestionView8.swift */ = {isa = PBXFileReference; lastKnownFileType = sourcecode.swift; path = QuestionView8.swift; sourceTree = "<group>"; };
		8AAB8C232ADBE0E3000D5EF0 /* QuestionView10.swift */ = {isa = PBXFileReference; lastKnownFileType = sourcecode.swift; path = QuestionView10.swift; sourceTree = "<group>"; };
		8AAB8C252ADBE734000D5EF0 /* MianPage.swift */ = {isa = PBXFileReference; lastKnownFileType = sourcecode.swift; path = MianPage.swift; sourceTree = "<group>"; };
		8AAB8C272ADBEB5A000D5EF0 /* RankPage.swift */ = {isa = PBXFileReference; lastKnownFileType = sourcecode.swift; path = RankPage.swift; sourceTree = "<group>"; };
		8AAB8C2B2ADBF4A6000D5EF0 /* QuestionView9.swift */ = {isa = PBXFileReference; lastKnownFileType = sourcecode.swift; path = QuestionView9.swift; sourceTree = "<group>"; };
		8AAB8C4A2ADBF6F2000D5EF0 /* Test.swift */ = {isa = PBXFileReference; lastKnownFileType = sourcecode.swift; path = Test.swift; sourceTree = "<group>"; };
/* End PBXFileReference section */

/* Begin PBXFrameworksBuildPhase section */
		1648F1832AD6921F00962C69 /* Frameworks */ = {
			isa = PBXFrameworksBuildPhase;
			buildActionMask = 2147483647;
			files = (
			);
			runOnlyForDeploymentPostprocessing = 0;
		};
/* End PBXFrameworksBuildPhase section */

/* Begin PBXGroup section */
		1648F17D2AD6921F00962C69 = {
			isa = PBXGroup;
			children = (
				1648F1882AD6921F00962C69 /* saduAnimetion */,
				1648F1872AD6921F00962C69 /* Products */,
			);
			sourceTree = "<group>";
		};
		1648F1872AD6921F00962C69 /* Products */ = {
			isa = PBXGroup;
			children = (
				1648F1862AD6921F00962C69 /* saduAnimetion.app */,
			);
			name = Products;
			sourceTree = "<group>";
		};
		1648F1882AD6921F00962C69 /* saduAnimetion */ = {
			isa = PBXGroup;
			children = (
				1648F1892AD6921F00962C69 /* saduAnimetionApp.swift */,
				8AAB8C052ADBDE86000D5EF0 /* Answer.swift */,
				8AAB8BFF2ADBC557000D5EF0 /* IntroView.swift */,
				1648F18B2AD6921F00962C69 /* ContentView.swift */,
				1633EF062AD7E1B1003F489B /* PopUpProfile.swift */,
				8A61765A2AD7F2EE00709675 /* PopUpProfile2.swift */,
				8A6176582AD7ECC600709675 /* PopUpInvite.swift */,
				8A61765C2AD7F36100709675 /* PopUpJoin.swift */,
				8A61765E2AD7F38500709675 /* rotate2D.swift */,
				8AAB8C4A2ADBF6F2000D5EF0 /* Test.swift */,
				8AAB8C072ADBDEB4000D5EF0 /* AnswerRow.swift */,
				8AAB8C0B2ADBDEF3000D5EF0 /* AnswerRow3.swift */,
				8AAB8C0D2ADBDF13000D5EF0 /* AnswerRow4.swift */,
				8AAB8C092ADBDED1000D5EF0 /* AnswerRow2.swift */,
				8AAB8BFD2ADBC4E0000D5EF0 /* SplashScreen.swift */,
				8AAB8C0F2ADBDF4F000D5EF0 /* ProgressBar.swift */,
				8AAB8C112ADBDF7D000D5EF0 /* QuestionView.swift */,
				8AAB8C132ADBDF87000D5EF0 /* QuestionView2.swift */,
				8AAB8C152ADBDF91000D5EF0 /* QuestionView3.swift */,
				8AAB8C172ADBDF9D000D5EF0 /* QuestionView4.swift */,
				8AAB8C192ADBDFA7000D5EF0 /* QuestionView5.swift */,
				8AAB8C1B2ADBDFB4000D5EF0 /* QuestionView6.swift */,
				8AAB8C1D2ADBDFC3000D5EF0 /* QuestionView7.swift */,
				8AAB8C1F2ADBDFCB000D5EF0 /* QuestionView8.swift */,
				8AAB8C232ADBE0E3000D5EF0 /* QuestionView10.swift */,
				8AAB8C272ADBEB5A000D5EF0 /* RankPage.swift */,
				8AAB8C2B2ADBF4A6000D5EF0 /* QuestionView9.swift */,
				8AAB8C252ADBE734000D5EF0 /* MianPage.swift */,
				1648F18D2AD6922000962C69 /* Assets.xcassets */,
				1648F18F2AD6922000962C69 /* Preview Content */,
			);
			path = saduAnimetion;
			sourceTree = "<group>";
		};
		1648F18F2AD6922000962C69 /* Preview Content */ = {
			isa = PBXGroup;
			children = (
				1648F1902AD6922000962C69 /* Preview Assets.xcassets */,
			);
			path = "Preview Content";
			sourceTree = "<group>";
		};
/* End PBXGroup section */

/* Begin PBXNativeTarget section */
		1648F1852AD6921F00962C69 /* saduAnimetion */ = {
			isa = PBXNativeTarget;
			buildConfigurationList = 1648F1942AD6922000962C69 /* Build configuration list for PBXNativeTarget "saduAnimetion" */;
			buildPhases = (
				1648F1822AD6921F00962C69 /* Sources */,
				1648F1832AD6921F00962C69 /* Frameworks */,
				1648F1842AD6921F00962C69 /* Resources */,
			);
			buildRules = (
			);
			dependencies = (
			);
			name = saduAnimetion;
			productName = saduAnimetion;
			productReference = 1648F1862AD6921F00962C69 /* saduAnimetion.app */;
			productType = "com.apple.product-type.application";
		};
/* End PBXNativeTarget section */

/* Begin PBXProject section */
		1648F17E2AD6921F00962C69 /* Project object */ = {
			isa = PBXProject;
			attributes = {
				BuildIndependentTargetsInParallel = 1;
				LastSwiftUpdateCheck = 1500;
				LastUpgradeCheck = 1500;
				TargetAttributes = {
					1648F1852AD6921F00962C69 = {
						CreatedOnToolsVersion = 15.0;
					};
				};
			};
			buildConfigurationList = 1648F1812AD6921F00962C69 /* Build configuration list for PBXProject "saduAnimetion" */;
			compatibilityVersion = "Xcode 14.0";
			developmentRegion = en;
			hasScannedForEncodings = 0;
			knownRegions = (
				en,
				Base,
			);
			mainGroup = 1648F17D2AD6921F00962C69;
			productRefGroup = 1648F1872AD6921F00962C69 /* Products */;
			projectDirPath = "";
			projectRoot = "";
			targets = (
				1648F1852AD6921F00962C69 /* saduAnimetion */,
			);
		};
/* End PBXProject section */

/* Begin PBXResourcesBuildPhase section */
		1648F1842AD6921F00962C69 /* Resources */ = {
			isa = PBXResourcesBuildPhase;
			buildActionMask = 2147483647;
			files = (
				1648F1912AD6922000962C69 /* Preview Assets.xcassets in Resources */,
				1648F18E2AD6922000962C69 /* Assets.xcassets in Resources */,
			);
			runOnlyForDeploymentPostprocessing = 0;
		};
/* End PBXResourcesBuildPhase section */

/* Begin PBXSourcesBuildPhase section */
		1648F1822AD6921F00962C69 /* Sources */ = {
			isa = PBXSourcesBuildPhase;
			buildActionMask = 2147483647;
			files = (
				8AAB8C122ADBDF7D000D5EF0 /* QuestionView.swift in Sources */,
				8AAB8BFE2ADBC4E0000D5EF0 /* SplashScreen.swift in Sources */,
				8AAB8C282ADBEB5A000D5EF0 /* RankPage.swift in Sources */,
				8AAB8C0C2ADBDEF3000D5EF0 /* AnswerRow3.swift in Sources */,
				8A61765F2AD7F38500709675 /* rotate2D.swift in Sources */,
				8AAB8C242ADBE0E3000D5EF0 /* QuestionView10.swift in Sources */,
				8A61765D2AD7F36100709675 /* PopUpJoin.swift in Sources */,
				8AAB8C182ADBDF9D000D5EF0 /* QuestionView4.swift in Sources */,
				8AAB8C1A2ADBDFA7000D5EF0 /* QuestionView5.swift in Sources */,
				1648F18C2AD6921F00962C69 /* ContentView.swift in Sources */,
				8AAB8C142ADBDF87000D5EF0 /* QuestionView2.swift in Sources */,
				1648F18A2AD6921F00962C69 /* saduAnimetionApp.swift in Sources */,
				8AAB8C0A2ADBDED1000D5EF0 /* AnswerRow2.swift in Sources */,
				8AAB8C2C2ADBF4A6000D5EF0 /* QuestionView9.swift in Sources */,
				8AAB8C0E2ADBDF13000D5EF0 /* AnswerRow4.swift in Sources */,
				8AAB8C082ADBDEB4000D5EF0 /* AnswerRow.swift in Sources */,
				8AAB8C002ADBC557000D5EF0 /* IntroView.swift in Sources */,
				8AAB8C4B2ADBF6F2000D5EF0 /* Test.swift in Sources */,
				1633EF072AD7E1B1003F489B /* PopUpProfile.swift in Sources */,
				8AAB8C202ADBDFCB000D5EF0 /* QuestionView8.swift in Sources */,
				8AAB8C062ADBDE86000D5EF0 /* Answer.swift in Sources */,
				8AAB8C1C2ADBDFB4000D5EF0 /* QuestionView6.swift in Sources */,
				8AAB8C162ADBDF91000D5EF0 /* QuestionView3.swift in Sources */,
				8A6176592AD7ECC600709675 /* PopUpInvite.swift in Sources */,
				8AAB8C102ADBDF4F000D5EF0 /* ProgressBar.swift in Sources */,
				8AAB8C1E2ADBDFC3000D5EF0 /* QuestionView7.swift in Sources */,
				8A61765B2AD7F2EE00709675 /* PopUpProfile2.swift in Sources */,
				8AAB8C262ADBE734000D5EF0 /* MianPage.swift in Sources */,
			);
			runOnlyForDeploymentPostprocessing = 0;
		};
/* End PBXSourcesBuildPhase section */

/* Begin XCBuildConfiguration section */
		1648F1922AD6922000962C69 /* Debug */ = {
			isa = XCBuildConfiguration;
			buildSettings = {
				ALWAYS_SEARCH_USER_PATHS = NO;
				ASSETCATALOG_COMPILER_GENERATE_SWIFT_ASSET_SYMBOL_EXTENSIONS = YES;
				CLANG_ANALYZER_NONNULL = YES;
				CLANG_ANALYZER_NUMBER_OBJECT_CONVERSION = YES_AGGRESSIVE;
				CLANG_CXX_LANGUAGE_STANDARD = "gnu++20";
				CLANG_ENABLE_MODULES = YES;
				CLANG_ENABLE_OBJC_ARC = YES;
				CLANG_ENABLE_OBJC_WEAK = YES;
				CLANG_WARN_BLOCK_CAPTURE_AUTORELEASING = YES;
				CLANG_WARN_BOOL_CONVERSION = YES;
				CLANG_WARN_COMMA = YES;
				CLANG_WARN_CONSTANT_CONVERSION = YES;
				CLANG_WARN_DEPRECATED_OBJC_IMPLEMENTATIONS = YES;
				CLANG_WARN_DIRECT_OBJC_ISA_USAGE = YES_ERROR;
				CLANG_WARN_DOCUMENTATION_COMMENTS = YES;
				CLANG_WARN_EMPTY_BODY = YES;
				CLANG_WARN_ENUM_CONVERSION = YES;
				CLANG_WARN_INFINITE_RECURSION = YES;
				CLANG_WARN_INT_CONVERSION = YES;
				CLANG_WARN_NON_LITERAL_NULL_CONVERSION = YES;
				CLANG_WARN_OBJC_IMPLICIT_RETAIN_SELF = YES;
				CLANG_WARN_OBJC_LITERAL_CONVERSION = YES;
				CLANG_WARN_OBJC_ROOT_CLASS = YES_ERROR;
				CLANG_WARN_QUOTED_INCLUDE_IN_FRAMEWORK_HEADER = YES;
				CLANG_WARN_RANGE_LOOP_ANALYSIS = YES;
				CLANG_WARN_STRICT_PROTOTYPES = YES;
				CLANG_WARN_SUSPICIOUS_MOVE = YES;
				CLANG_WARN_UNGUARDED_AVAILABILITY = YES_AGGRESSIVE;
				CLANG_WARN_UNREACHABLE_CODE = YES;
				CLANG_WARN__DUPLICATE_METHOD_MATCH = YES;
				COPY_PHASE_STRIP = NO;
				DEBUG_INFORMATION_FORMAT = dwarf;
				ENABLE_STRICT_OBJC_MSGSEND = YES;
				ENABLE_TESTABILITY = YES;
				ENABLE_USER_SCRIPT_SANDBOXING = YES;
				GCC_C_LANGUAGE_STANDARD = gnu17;
				GCC_DYNAMIC_NO_PIC = NO;
				GCC_NO_COMMON_BLOCKS = YES;
				GCC_OPTIMIZATION_LEVEL = 0;
				GCC_PREPROCESSOR_DEFINITIONS = (
					"DEBUG=1",
					"$(inherited)",
				);
				GCC_WARN_64_TO_32_BIT_CONVERSION = YES;
				GCC_WARN_ABOUT_RETURN_TYPE = YES_ERROR;
				GCC_WARN_UNDECLARED_SELECTOR = YES;
				GCC_WARN_UNINITIALIZED_AUTOS = YES_AGGRESSIVE;
				GCC_WARN_UNUSED_FUNCTION = YES;
				GCC_WARN_UNUSED_VARIABLE = YES;
				IPHONEOS_DEPLOYMENT_TARGET = 17.0;
				LOCALIZATION_PREFERS_STRING_CATALOGS = YES;
				MTL_ENABLE_DEBUG_INFO = INCLUDE_SOURCE;
				MTL_FAST_MATH = YES;
				ONLY_ACTIVE_ARCH = YES;
				SDKROOT = iphoneos;
				SWIFT_ACTIVE_COMPILATION_CONDITIONS = "DEBUG $(inherited)";
				SWIFT_OPTIMIZATION_LEVEL = "-Onone";
			};
			name = Debug;
		};
		1648F1932AD6922000962C69 /* Release */ = {
			isa = XCBuildConfiguration;
			buildSettings = {
				ALWAYS_SEARCH_USER_PATHS = NO;
				ASSETCATALOG_COMPILER_GENERATE_SWIFT_ASSET_SYMBOL_EXTENSIONS = YES;
				CLANG_ANALYZER_NONNULL = YES;
				CLANG_ANALYZER_NUMBER_OBJECT_CONVERSION = YES_AGGRESSIVE;
				CLANG_CXX_LANGUAGE_STANDARD = "gnu++20";
				CLANG_ENABLE_MODULES = YES;
				CLANG_ENABLE_OBJC_ARC = YES;
				CLANG_ENABLE_OBJC_WEAK = YES;
				CLANG_WARN_BLOCK_CAPTURE_AUTORELEASING = YES;
				CLANG_WARN_BOOL_CONVERSION = YES;
				CLANG_WARN_COMMA = YES;
				CLANG_WARN_CONSTANT_CONVERSION = YES;
				CLANG_WARN_DEPRECATED_OBJC_IMPLEMENTATIONS = YES;
				CLANG_WARN_DIRECT_OBJC_ISA_USAGE = YES_ERROR;
				CLANG_WARN_DOCUMENTATION_COMMENTS = YES;
				CLANG_WARN_EMPTY_BODY = YES;
				CLANG_WARN_ENUM_CONVERSION = YES;
				CLANG_WARN_INFINITE_RECURSION = YES;
				CLANG_WARN_INT_CONVERSION = YES;
				CLANG_WARN_NON_LITERAL_NULL_CONVERSION = YES;
				CLANG_WARN_OBJC_IMPLICIT_RETAIN_SELF = YES;
				CLANG_WARN_OBJC_LITERAL_CONVERSION = YES;
				CLANG_WARN_OBJC_ROOT_CLASS = YES_ERROR;
				CLANG_WARN_QUOTED_INCLUDE_IN_FRAMEWORK_HEADER = YES;
				CLANG_WARN_RANGE_LOOP_ANALYSIS = YES;
				CLANG_WARN_STRICT_PROTOTYPES = YES;
				CLANG_WARN_SUSPICIOUS_MOVE = YES;
				CLANG_WARN_UNGUARDED_AVAILABILITY = YES_AGGRESSIVE;
				CLANG_WARN_UNREACHABLE_CODE = YES;
				CLANG_WARN__DUPLICATE_METHOD_MATCH = YES;
				COPY_PHASE_STRIP = NO;
				DEBUG_INFORMATION_FORMAT = "dwarf-with-dsym";
				ENABLE_NS_ASSERTIONS = NO;
				ENABLE_STRICT_OBJC_MSGSEND = YES;
				ENABLE_USER_SCRIPT_SANDBOXING = YES;
				GCC_C_LANGUAGE_STANDARD = gnu17;
				GCC_NO_COMMON_BLOCKS = YES;
				GCC_WARN_64_TO_32_BIT_CONVERSION = YES;
				GCC_WARN_ABOUT_RETURN_TYPE = YES_ERROR;
				GCC_WARN_UNDECLARED_SELECTOR = YES;
				GCC_WARN_UNINITIALIZED_AUTOS = YES_AGGRESSIVE;
				GCC_WARN_UNUSED_FUNCTION = YES;
				GCC_WARN_UNUSED_VARIABLE = YES;
				IPHONEOS_DEPLOYMENT_TARGET = 17.0;
				LOCALIZATION_PREFERS_STRING_CATALOGS = YES;
				MTL_ENABLE_DEBUG_INFO = NO;
				MTL_FAST_MATH = YES;
				SDKROOT = iphoneos;
				SWIFT_COMPILATION_MODE = wholemodule;
				VALIDATE_PRODUCT = YES;
			};
			name = Release;
		};
		1648F1952AD6922000962C69 /* Debug */ = {
			isa = XCBuildConfiguration;
			buildSettings = {
				ASSETCATALOG_COMPILER_APPICON_NAME = AppIcon;
				ASSETCATALOG_COMPILER_GLOBAL_ACCENT_COLOR_NAME = AccentColor;
				CODE_SIGN_STYLE = Automatic;
				CURRENT_PROJECT_VERSION = 1;
				DEVELOPMENT_ASSET_PATHS = "\"saduAnimetion/Preview Content\"";
				ENABLE_PREVIEWS = YES;
				GENERATE_INFOPLIST_FILE = YES;
				INFOPLIST_KEY_UIApplicationSceneManifest_Generation = YES;
				INFOPLIST_KEY_UIApplicationSupportsIndirectInputEvents = YES;
				INFOPLIST_KEY_UILaunchScreen_Generation = YES;
				INFOPLIST_KEY_UISupportedInterfaceOrientations_iPad = "UIInterfaceOrientationPortrait UIInterfaceOrientationPortraitUpsideDown UIInterfaceOrientationLandscapeLeft UIInterfaceOrientationLandscapeRight";
				INFOPLIST_KEY_UISupportedInterfaceOrientations_iPhone = "UIInterfaceOrientationPortrait UIInterfaceOrientationLandscapeLeft UIInterfaceOrientationLandscapeRight";
				LD_RUNPATH_SEARCH_PATHS = (
					"$(inherited)",
					"@executable_path/Frameworks",
				);
				MARKETING_VERSION = 1.0;
				PRODUCT_BUNDLE_IDENTIFIER = m.saduAnimetion;
				PRODUCT_NAME = "$(TARGET_NAME)";
				SWIFT_EMIT_LOC_STRINGS = YES;
				SWIFT_VERSION = 5.0;
				TARGETED_DEVICE_FAMILY = "1,2";
			};
			name = Debug;
		};
		1648F1962AD6922000962C69 /* Release */ = {
			isa = XCBuildConfiguration;
			buildSettings = {
				ASSETCATALOG_COMPILER_APPICON_NAME = AppIcon;
				ASSETCATALOG_COMPILER_GLOBAL_ACCENT_COLOR_NAME = AccentColor;
				CODE_SIGN_STYLE = Automatic;
				CURRENT_PROJECT_VERSION = 1;
				DEVELOPMENT_ASSET_PATHS = "\"saduAnimetion/Preview Content\"";
				ENABLE_PREVIEWS = YES;
				GENERATE_INFOPLIST_FILE = YES;
				INFOPLIST_KEY_UIApplicationSceneManifest_Generation = YES;
				INFOPLIST_KEY_UIApplicationSupportsIndirectInputEvents = YES;
				INFOPLIST_KEY_UILaunchScreen_Generation = YES;
				INFOPLIST_KEY_UISupportedInterfaceOrientations_iPad = "UIInterfaceOrientationPortrait UIInterfaceOrientationPortraitUpsideDown UIInterfaceOrientationLandscapeLeft UIInterfaceOrientationLandscapeRight";
				INFOPLIST_KEY_UISupportedInterfaceOrientations_iPhone = "UIInterfaceOrientationPortrait UIInterfaceOrientationLandscapeLeft UIInterfaceOrientationLandscapeRight";
				LD_RUNPATH_SEARCH_PATHS = (
					"$(inherited)",
					"@executable_path/Frameworks",
				);
				MARKETING_VERSION = 1.0;
				PRODUCT_BUNDLE_IDENTIFIER = m.saduAnimetion;
				PRODUCT_NAME = "$(TARGET_NAME)";
				SWIFT_EMIT_LOC_STRINGS = YES;
				SWIFT_VERSION = 5.0;
				TARGETED_DEVICE_FAMILY = "1,2";
			};
			name = Release;
		};
/* End XCBuildConfiguration section */

/* Begin XCConfigurationList section */
		1648F1812AD6921F00962C69 /* Build configuration list for PBXProject "saduAnimetion" */ = {
			isa = XCConfigurationList;
			buildConfigurations = (
				1648F1922AD6922000962C69 /* Debug */,
				1648F1932AD6922000962C69 /* Release */,
			);
			defaultConfigurationIsVisible = 0;
			defaultConfigurationName = Release;
		};
		1648F1942AD6922000962C69 /* Build configuration list for PBXNativeTarget "saduAnimetion" */ = {
			isa = XCConfigurationList;
			buildConfigurations = (
				1648F1952AD6922000962C69 /* Debug */,
				1648F1962AD6922000962C69 /* Release */,
			);
			defaultConfigurationIsVisible = 0;
			defaultConfigurationName = Release;
		};
/* End XCConfigurationList section */
	};
	rootObject = 1648F17E2AD6921F00962C69 /* Project object */;
}
